PODS:
  - OKPaypp (0.1.0):
    - OKPaypp/Alipay (= 0.1.0)
    - OKPaypp/Core (= 0.1.0)
    - OKPaypp/Wx (= 0.1.0)
  - OKPaypp/Alipay (0.1.0):
    - OKPaypp/Core
  - OKPaypp/Core (0.1.0)
  - OKPaypp/Wx (0.1.0):
    - OKPaypp/Core

DEPENDENCIES:
  - OKPaypp (from `../`)

EXTERNAL SOURCES:
  OKPaypp:
    :path: "../"

SPEC CHECKSUMS:
  OKPaypp: abed1aca8f7be1d5994cd5a0b146f30de4f52c92

PODFILE CHECKSUM: cffaeb4eb5a908763696b334366fce753a1f18c5

COCOAPODS: 1.5.3
