PODS:
  - OKPaypp (0.1.1):
    - OKPaypp/Alipay (= 0.1.1)
    - OKPaypp/Core (= 0.1.1)
    - OKPaypp/Wx (= 0.1.1)
  - OKPaypp/Alipay (0.1.1):
    - OKPaypp/Core
  - OKPaypp/Core (0.1.1)
  - OKPaypp/UnionPay (0.1.1):
    - OKPaypp/Core
  - OKPaypp/Wx (0.1.1):
    - OKPaypp/Core

DEPENDENCIES:
  - OKPaypp (from `../`)
  - OKPaypp/UnionPay (from `../`)

EXTERNAL SOURCES:
  OKPaypp:
    :path: "../"

SPEC CHECKSUMS:
  OKPaypp: 179eae268a18c2703596b952ef1c887724ba6b07

PODFILE CHECKSUM: 49976e4bee055bef350d0d077b49c6bb0a81dfe1

COCOAPODS: 1.5.3
